
Microsoft Visual Studio Solution File, Format Version 12.00
# Visual Studio Version 17
VisualStudioVersion = 17.5.002.0
MinimumVisualStudioVersion = 10.0.40219.1
Project("{9A19103F-16F7-4668-BE54-9A1E7A4F7556}") = "Minerals.StringCases", "Minerals.StringCases\Minerals.StringCases.csproj", "{CEBFCC86-1151-4D21-A106-74230EEB727F}"
EndProject
Project("{9A19103F-16F7-4668-BE54-9A1E7A4F7556}") = "Minerals.StringCases.Benchmarks", "Minerals.StringCases.Benchmarks\Minerals.StringCases.Benchmarks.csproj", "{6A048DCF-8185-431C-8552-145B9E570F6E}"
EndProject
Project("{9A19103F-16F7-4668-BE54-9A1E7A4F7556}") = "Minerals.StringCases.Tests", "Minerals.StringCases.Tests\Minerals.StringCases.Tests.csproj", "{1298C2BA-49B1-46B3-99D8-9FB9737C0D87}"
EndProject
Global
	GlobalSection(SolutionConfigurationPlatforms) = preSolution
		Debug|Any CPU = Debug|Any CPU
		Release|Any CPU = Release|Any CPU
	EndGlobalSection
	GlobalSection(ProjectConfigurationPlatforms) = postSolution
		{CEBFCC86-1151-4D21-A106-74230EEB727F}.Debug|Any CPU.ActiveCfg = Debug|Any CPU
		{CEBFCC86-1151-4D21-A106-74230EEB727F}.Debug|Any CPU.Build.0 = Debug|Any CPU
		{CEBFCC86-1151-4D21-A106-74230EEB727F}.Release|Any CPU.ActiveCfg = Release|Any CPU
		{CEBFCC86-1151-4D21-A106-74230EEB727F}.Release|Any CPU.Build.0 = Release|Any CPU
		{6A048DCF-8185-431C-8552-145B9E570F6E}.Debug|Any CPU.ActiveCfg = Debug|Any CPU
		{6A048DCF-8185-431C-8552-145B9E570F6E}.Debug|Any CPU.Build.0 = Debug|Any CPU
		{6A048DCF-8185-431C-8552-145B9E570F6E}.Release|Any CPU.ActiveCfg = Release|Any CPU
		{6A048DCF-8185-431C-8552-145B9E570F6E}.Release|Any CPU.Build.0 = Release|Any CPU
		{1298C2BA-49B1-46B3-99D8-9FB9737C0D87}.Debug|Any CPU.ActiveCfg = Debug|Any CPU
		{1298C2BA-49B1-46B3-99D8-9FB9737C0D87}.Debug|Any CPU.Build.0 = Debug|Any CPU
		{1298C2BA-49B1-46B3-99D8-9FB9737C0D87}.Release|Any CPU.ActiveCfg = Release|Any CPU
		{1298C2BA-49B1-46B3-99D8-9FB9737C0D87}.Release|Any CPU.Build.0 = Release|Any CPU
	EndGlobalSection
	GlobalSection(SolutionProperties) = preSolution
		HideSolutionNode = FALSE
	EndGlobalSection
	GlobalSection(ExtensibilityGlobals) = postSolution
		SolutionGuid = {5A573F1E-C747-4729-827F-9EC14DC70400}
	EndGlobalSection
EndGlobal
