
Microsoft Visual Studio Solution File, Format Version 12.00
# Visual Studio Version 17
VisualStudioVersion = 17.5.002.0
MinimumVisualStudioVersion = 10.0.40219.1
Project("{9A19103F-16F7-4668-BE54-9A1E7A4F7556}") = "Minerals.StringCases", "Minerals.StringCases\Minerals.StringCases.csproj", "{C6B72EAD-216F-4D8E-BD33-2CF63F1E7A80}"
EndProject
Project("{9A19103F-16F7-4668-BE54-9A1E7A4F7556}") = "Minerals.StringCases.Benchmarks", "Minerals.StringCases.Benchmarks\Minerals.StringCases.Benchmarks.csproj", "{D34BBC31-455F-462F-9D99-8B39C350507B}"
EndProject
Project("{9A19103F-16F7-4668-BE54-9A1E7A4F7556}") = "Minerals.StringCases.Tests", "Minerals.StringCases.Tests\Minerals.StringCases.Tests.csproj", "{8CAE5104-4050-4AB3-A346-15649C1C8AE7}"
EndProject
Global
	GlobalSection(SolutionConfigurationPlatforms) = preSolution
		Debug|Any CPU = Debug|Any CPU
		Release|Any CPU = Release|Any CPU
	EndGlobalSection
	GlobalSection(ProjectConfigurationPlatforms) = postSolution
		{C6B72EAD-216F-4D8E-BD33-2CF63F1E7A80}.Debug|Any CPU.ActiveCfg = Debug|Any CPU
		{C6B72EAD-216F-4D8E-BD33-2CF63F1E7A80}.Debug|Any CPU.Build.0 = Debug|Any CPU
		{C6B72EAD-216F-4D8E-BD33-2CF63F1E7A80}.Release|Any CPU.ActiveCfg = Release|Any CPU
		{C6B72EAD-216F-4D8E-BD33-2CF63F1E7A80}.Release|Any CPU.Build.0 = Release|Any CPU
		{D34BBC31-455F-462F-9D99-8B39C350507B}.Debug|Any CPU.ActiveCfg = Debug|Any CPU
		{D34BBC31-455F-462F-9D99-8B39C350507B}.Debug|Any CPU.Build.0 = Debug|Any CPU
		{D34BBC31-455F-462F-9D99-8B39C350507B}.Release|Any CPU.ActiveCfg = Release|Any CPU
		{D34BBC31-455F-462F-9D99-8B39C350507B}.Release|Any CPU.Build.0 = Release|Any CPU
		{8CAE5104-4050-4AB3-A346-15649C1C8AE7}.Debug|Any CPU.ActiveCfg = Debug|Any CPU
		{8CAE5104-4050-4AB3-A346-15649C1C8AE7}.Debug|Any CPU.Build.0 = Debug|Any CPU
		{8CAE5104-4050-4AB3-A346-15649C1C8AE7}.Release|Any CPU.ActiveCfg = Release|Any CPU
		{8CAE5104-4050-4AB3-A346-15649C1C8AE7}.Release|Any CPU.Build.0 = Release|Any CPU
	EndGlobalSection
	GlobalSection(SolutionProperties) = preSolution
		HideSolutionNode = FALSE
	EndGlobalSection
	GlobalSection(ExtensibilityGlobals) = postSolution
		SolutionGuid = {1AB7D6D9-404D-4FC4-9DB5-468AAF3DC8E8}
	EndGlobalSection
EndGlobal
